Microsoft Visual Studio Solution File, Format Version 12.00
# Visual Studio Version 17
VisualStudioVersion = 17.5.2.0
MinimumVisualStudioVersion = 10.0.40219.1
Project("{FAE04EC0-301F-11D3-BF4B-00C04F79EFBC}") = "razorProject", "razorProject\razorProject.csproj", "{BC887CED-9C98-0DD6-1F1E-10A373671261}"
EndProject
Global
	GlobalSection(SolutionConfigurationPlatforms) = preSolution
		Debug|Any CPU = Debug|Any CPU
		Release|Any CPU = Release|Any CPU
	EndGlobalSection
	GlobalSection(ProjectConfigurationPlatforms) = postSolution
		{BC887CED-9C98-0DD6-1F1E-10A373671261}.Debug|Any CPU.ActiveCfg = Debug|Any CPU
		{BC887CED-9C98-0DD6-1F1E-10A373671261}.Debug|Any CPU.Build.0 = Debug|Any CPU
		{BC887CED-9C98-0DD6-1F1E-10A373671261}.Release|Any CPU.ActiveCfg = Release|Any CPU
		{BC887CED-9C98-0DD6-1F1E-10A373671261}.Release|Any CPU.Build.0 = Release|Any CPU
	EndGlobalSection
	GlobalSection(SolutionProperties) = preSolution
		HideSolutionNode = FALSE
	EndGlobalSection
	GlobalSection(ExtensibilityGlobals) = postSolution
		SolutionGuid = {766FD89E-441D-424A-AF10-F36EBAB519B9}
	EndGlobalSection
EndGlobal
